
Microsoft Visual Studio Solution File, Format Version 12.00
# Visual Studio Version 16
VisualStudioVersion = 16.0.30907.101
MinimumVisualStudioVersion = 10.0.40219.1
Project("{FAE04EC0-301F-11D3-BF4B-00C04F79EFBC}") = "ReceptSlump", "ReceptSlump\ReceptSlump.csproj", "{2FE5158A-7CF3-4077-9033-BA65DAF86059}"
EndProject
Global
	GlobalSection(SolutionConfigurationPlatforms) = preSolution
		Debug|Any CPU = Debug|Any CPU
		Release|Any CPU = Release|Any CPU
	EndGlobalSection
	GlobalSection(ProjectConfigurationPlatforms) = postSolution
		{2FE5158A-7CF3-4077-9033-BA65DAF86059}.Debug|Any CPU.ActiveCfg = Debug|Any CPU
		{2FE5158A-7CF3-4077-9033-BA65DAF86059}.Debug|Any CPU.Build.0 = Debug|Any CPU
		{2FE5158A-7CF3-4077-9033-BA65DAF86059}.Release|Any CPU.ActiveCfg = Release|Any CPU
		{2FE5158A-7CF3-4077-9033-BA65DAF86059}.Release|Any CPU.Build.0 = Release|Any CPU
	EndGlobalSection
	GlobalSection(SolutionProperties) = preSolution
		HideSolutionNode = FALSE
	EndGlobalSection
	GlobalSection(ExtensibilityGlobals) = postSolution
		SolutionGuid = {6591230B-8C38-408E-9D9F-A5C08F26BB65}
	EndGlobalSection
EndGlobal
